
Microsoft Visual Studio Solution File, Format Version 12.00
# Visual Studio Version 16
VisualStudioVersion = 16.0.29920.165
MinimumVisualStudioVersion = 10.0.40219.1
Project("{9A19103F-16F7-4668-BE54-9A1E7A4F7556}") = "TweetBookAPI", "TweetBookAPI\TweetBookAPI.csproj", "{032BA65B-026D-46D8-B948-14A7BF358FFC}"
EndProject
Global
	GlobalSection(SolutionConfigurationPlatforms) = preSolution
		Debug|Any CPU = Debug|Any CPU
		Release|Any CPU = Release|Any CPU
	EndGlobalSection
	GlobalSection(ProjectConfigurationPlatforms) = postSolution
		{032BA65B-026D-46D8-B948-14A7BF358FFC}.Debug|Any CPU.ActiveCfg = Debug|Any CPU
		{032BA65B-026D-46D8-B948-14A7BF358FFC}.Debug|Any CPU.Build.0 = Debug|Any CPU
		{032BA65B-026D-46D8-B948-14A7BF358FFC}.Release|Any CPU.ActiveCfg = Release|Any CPU
		{032BA65B-026D-46D8-B948-14A7BF358FFC}.Release|Any CPU.Build.0 = Release|Any CPU
	EndGlobalSection
	GlobalSection(SolutionProperties) = preSolution
		HideSolutionNode = FALSE
	EndGlobalSection
	GlobalSection(ExtensibilityGlobals) = postSolution
		SolutionGuid = {370E9084-13F3-44A9-97F9-EFFF08C0E259}
	EndGlobalSection
EndGlobal
